
Microsoft Visual Studio Solution File, Format Version 12.00
# Visual Studio Version 17
VisualStudioVersion = 17.6.33723.286
MinimumVisualStudioVersion = 10.0.40219.1
Project("{FAE04EC0-301F-11D3-BF4B-00C04F79EFBC}") = "cs-100days", "cs-100days\cs-100days.csproj", "{701A8B20-8327-4908-B97F-241C34433815}"
EndProject
Global
	GlobalSection(SolutionConfigurationPlatforms) = preSolution
		Debug|Any CPU = Debug|Any CPU
		Release|Any CPU = Release|Any CPU
	EndGlobalSection
	GlobalSection(ProjectConfigurationPlatforms) = postSolution
		{701A8B20-8327-4908-B97F-241C34433815}.Debug|Any CPU.ActiveCfg = Debug|Any CPU
		{701A8B20-8327-4908-B97F-241C34433815}.Debug|Any CPU.Build.0 = Debug|Any CPU
		{701A8B20-8327-4908-B97F-241C34433815}.Release|Any CPU.ActiveCfg = Release|Any CPU
		{701A8B20-8327-4908-B97F-241C34433815}.Release|Any CPU.Build.0 = Release|Any CPU
	EndGlobalSection
	GlobalSection(SolutionProperties) = preSolution
		HideSolutionNode = FALSE
	EndGlobalSection
	GlobalSection(ExtensibilityGlobals) = postSolution
		SolutionGuid = {68AE5FE8-E288-4263-8D54-F5C3322CE4F9}
	EndGlobalSection
EndGlobal
